
Microsoft Visual Studio Solution File, Format Version 11.00
# Visual Studio 2010
Project("{8BC9CEB8-8B4A-11D0-8D11-00A0C91BC942}") = "Doublelinklist", "Doublelinklist\Doublelinklist.vcxproj", "{B7DC3FB6-7137-4209-8C22-AE51434461CC}"
EndProject
Global
	GlobalSection(SolutionConfigurationPlatforms) = preSolution
		Debug|Win32 = Debug|Win32
		Release|Win32 = Release|Win32
	EndGlobalSection
	GlobalSection(ProjectConfigurationPlatforms) = postSolution
		{B7DC3FB6-7137-4209-8C22-AE51434461CC}.Debug|Win32.ActiveCfg = Debug|Win32
		{B7DC3FB6-7137-4209-8C22-AE51434461CC}.Debug|Win32.Build.0 = Debug|Win32
		{B7DC3FB6-7137-4209-8C22-AE51434461CC}.Release|Win32.ActiveCfg = Release|Win32
		{B7DC3FB6-7137-4209-8C22-AE51434461CC}.Release|Win32.Build.0 = Release|Win32
	EndGlobalSection
	GlobalSection(SolutionProperties) = preSolution
		HideSolutionNode = FALSE
	EndGlobalSection
EndGlobal
